
Microsoft Visual Studio Solution File, Format Version 12.00
# Visual Studio Version 17
VisualStudioVersion = 17.7.34221.43
MinimumVisualStudioVersion = 10.0.40219.1
Project("{FAE04EC0-301F-11D3-BF4B-00C04F79EFBC}") = "GuiaLabSemana11", "GuiaLabSemana11\GuiaLabSemana11.csproj", "{4E4B8B1E-31F7-47C8-B7CF-6BBCE797B661}"
EndProject
Global
	GlobalSection(SolutionConfigurationPlatforms) = preSolution
		Debug|Any CPU = Debug|Any CPU
		Release|Any CPU = Release|Any CPU
	EndGlobalSection
	GlobalSection(ProjectConfigurationPlatforms) = postSolution
		{4E4B8B1E-31F7-47C8-B7CF-6BBCE797B661}.Debug|Any CPU.ActiveCfg = Debug|Any CPU
		{4E4B8B1E-31F7-47C8-B7CF-6BBCE797B661}.Debug|Any CPU.Build.0 = Debug|Any CPU
		{4E4B8B1E-31F7-47C8-B7CF-6BBCE797B661}.Release|Any CPU.ActiveCfg = Release|Any CPU
		{4E4B8B1E-31F7-47C8-B7CF-6BBCE797B661}.Release|Any CPU.Build.0 = Release|Any CPU
	EndGlobalSection
	GlobalSection(SolutionProperties) = preSolution
		HideSolutionNode = FALSE
	EndGlobalSection
	GlobalSection(ExtensibilityGlobals) = postSolution
		SolutionGuid = {247B24B0-6383-4AE6-B6EE-E34B5B1AA6E7}
	EndGlobalSection
EndGlobal
